
Microsoft Visual Studio Solution File, Format Version 11.00
# Visual Studio 2010
Project("{FAE04EC0-301F-11D3-BF4B-00C04F79EFBC}") = "Assembly-CSharp", "Assembly-CSharp.csproj", "{73CFF2F0-D667-2C36-BB5E-F0FE16BA659F}"
EndProject
Project("{FAE04EC0-301F-11D3-BF4B-00C04F79EFBC}") = "PhotonWebSocket", "PhotonWebSocket.csproj", "{93EAA7F7-5424-C9A8-E271-3BC03A49CAB4}"
EndProject
Project("{FAE04EC0-301F-11D3-BF4B-00C04F79EFBC}") = "PhotonUnityNetworking.Utilities", "PhotonUnityNetworking.Utilities.csproj", "{422884E4-BA46-18B3-B967-89EA7ED6D55B}"
EndProject
Project("{FAE04EC0-301F-11D3-BF4B-00C04F79EFBC}") = "PhotonUnityNetworking", "PhotonUnityNetworking.csproj", "{4F846118-8F07-E596-C979-43ED2173DED6}"
EndProject
Project("{FAE04EC0-301F-11D3-BF4B-00C04F79EFBC}") = "PhotonRealtime", "PhotonRealtime.csproj", "{013B85ED-D911-7BAD-B359-AEE8B5C7E7F6}"
EndProject
Project("{FAE04EC0-301F-11D3-BF4B-00C04F79EFBC}") = "PhotonChat", "PhotonChat.csproj", "{F3FBDB6D-7EB0-5B1E-C59A-47371CF07650}"
EndProject
Project("{FAE04EC0-301F-11D3-BF4B-00C04F79EFBC}") = "Assembly-CSharp-Editor", "Assembly-CSharp-Editor.csproj", "{CA6252CA-BC3D-FF99-E165-C60AEEF8A90F}"
EndProject
Project("{FAE04EC0-301F-11D3-BF4B-00C04F79EFBC}") = "PhotonUnityNetworking.Editor", "PhotonUnityNetworking.Editor.csproj", "{94054F90-F5D7-EA1F-6A48-75A2829F37DF}"
EndProject
Global
	GlobalSection(SolutionConfigurationPlatforms) = preSolution
		Debug|Any CPU = Debug|Any CPU
		Release|Any CPU = Release|Any CPU
	EndGlobalSection
	GlobalSection(ProjectConfigurationPlatforms) = postSolution
		{73CFF2F0-D667-2C36-BB5E-F0FE16BA659F}.Debug|Any CPU.ActiveCfg = Debug|Any CPU
		{73CFF2F0-D667-2C36-BB5E-F0FE16BA659F}.Debug|Any CPU.Build.0 = Debug|Any CPU
		{73CFF2F0-D667-2C36-BB5E-F0FE16BA659F}.Release|Any CPU.ActiveCfg = Release|Any CPU
		{73CFF2F0-D667-2C36-BB5E-F0FE16BA659F}.Release|Any CPU.Build.0 = Release|Any CPU
		{93EAA7F7-5424-C9A8-E271-3BC03A49CAB4}.Debug|Any CPU.ActiveCfg = Debug|Any CPU
		{93EAA7F7-5424-C9A8-E271-3BC03A49CAB4}.Debug|Any CPU.Build.0 = Debug|Any CPU
		{93EAA7F7-5424-C9A8-E271-3BC03A49CAB4}.Release|Any CPU.ActiveCfg = Release|Any CPU
		{93EAA7F7-5424-C9A8-E271-3BC03A49CAB4}.Release|Any CPU.Build.0 = Release|Any CPU
		{422884E4-BA46-18B3-B967-89EA7ED6D55B}.Debug|Any CPU.ActiveCfg = Debug|Any CPU
		{422884E4-BA46-18B3-B967-89EA7ED6D55B}.Debug|Any CPU.Build.0 = Debug|Any CPU
		{422884E4-BA46-18B3-B967-89EA7ED6D55B}.Release|Any CPU.ActiveCfg = Release|Any CPU
		{422884E4-BA46-18B3-B967-89EA7ED6D55B}.Release|Any CPU.Build.0 = Release|Any CPU
		{4F846118-8F07-E596-C979-43ED2173DED6}.Debug|Any CPU.ActiveCfg = Debug|Any CPU
		{4F846118-8F07-E596-C979-43ED2173DED6}.Debug|Any CPU.Build.0 = Debug|Any CPU
		{4F846118-8F07-E596-C979-43ED2173DED6}.Release|Any CPU.ActiveCfg = Release|Any CPU
		{4F846118-8F07-E596-C979-43ED2173DED6}.Release|Any CPU.Build.0 = Release|Any CPU
		{013B85ED-D911-7BAD-B359-AEE8B5C7E7F6}.Debug|Any CPU.ActiveCfg = Debug|Any CPU
		{013B85ED-D911-7BAD-B359-AEE8B5C7E7F6}.Debug|Any CPU.Build.0 = Debug|Any CPU
		{013B85ED-D911-7BAD-B359-AEE8B5C7E7F6}.Release|Any CPU.ActiveCfg = Release|Any CPU
		{013B85ED-D911-7BAD-B359-AEE8B5C7E7F6}.Release|Any CPU.Build.0 = Release|Any CPU
		{F3FBDB6D-7EB0-5B1E-C59A-47371CF07650}.Debug|Any CPU.ActiveCfg = Debug|Any CPU
		{F3FBDB6D-7EB0-5B1E-C59A-47371CF07650}.Debug|Any CPU.Build.0 = Debug|Any CPU
		{F3FBDB6D-7EB0-5B1E-C59A-47371CF07650}.Release|Any CPU.ActiveCfg = Release|Any CPU
		{F3FBDB6D-7EB0-5B1E-C59A-47371CF07650}.Release|Any CPU.Build.0 = Release|Any CPU
		{CA6252CA-BC3D-FF99-E165-C60AEEF8A90F}.Debug|Any CPU.ActiveCfg = Debug|Any CPU
		{CA6252CA-BC3D-FF99-E165-C60AEEF8A90F}.Debug|Any CPU.Build.0 = Debug|Any CPU
		{CA6252CA-BC3D-FF99-E165-C60AEEF8A90F}.Release|Any CPU.ActiveCfg = Release|Any CPU
		{CA6252CA-BC3D-FF99-E165-C60AEEF8A90F}.Release|Any CPU.Build.0 = Release|Any CPU
		{94054F90-F5D7-EA1F-6A48-75A2829F37DF}.Debug|Any CPU.ActiveCfg = Debug|Any CPU
		{94054F90-F5D7-EA1F-6A48-75A2829F37DF}.Debug|Any CPU.Build.0 = Debug|Any CPU
		{94054F90-F5D7-EA1F-6A48-75A2829F37DF}.Release|Any CPU.ActiveCfg = Release|Any CPU
		{94054F90-F5D7-EA1F-6A48-75A2829F37DF}.Release|Any CPU.Build.0 = Release|Any CPU
	EndGlobalSection
	GlobalSection(SolutionProperties) = preSolution
		HideSolutionNode = FALSE
	EndGlobalSection
	GlobalSection(MonoDevelopProperties) = preSolution
		StartupItem = Assembly-CSharp.csproj
	EndGlobalSection
EndGlobal
